// !$*UTF8*$!
{
	archiveVersion = 1;
	classes = {
	};
	objectVersion = 56;
	objects = {

/* Begin PBXBuildFile section */
		5858DAC92A737A83001B073F /* AppDelegate.swift in Sources */ = {isa = PBXBuildFile; fileRef = 5858DAC82A737A83001B073F /* AppDelegate.swift */; };
		5858DACB2A737A83001B073F /* SceneDelegate.swift in Sources */ = {isa = PBXBuildFile; fileRef = 5858DACA2A737A83001B073F /* SceneDelegate.swift */; };
		5858DACD2A737A83001B073F /* ViewController.swift in Sources */ = {isa = PBXBuildFile; fileRef = 5858DACC2A737A83001B073F /* ViewController.swift */; };
		5858DAD02A737A83001B073F /* Main.storyboard in Resources */ = {isa = PBXBuildFile; fileRef = 5858DACE2A737A83001B073F /* Main.storyboard */; };
		5858DAD22A737A84001B073F /* Assets.xcassets in Resources */ = {isa = PBXBuildFile; fileRef = 5858DAD12A737A84001B073F /* Assets.xcassets */; };
		5858DAD52A737A84001B073F /* LaunchScreen.storyboard in Resources */ = {isa = PBXBuildFile; fileRef = 5858DAD32A737A84001B073F /* LaunchScreen.storyboard */; };
		5858DAE02A737A84001B073F /* StoryBoardCameraTests.swift in Sources */ = {isa = PBXBuildFile; fileRef = 5858DADF2A737A84001B073F /* StoryBoardCameraTests.swift */; };
		5858DAEA2A737A84001B073F /* StoryBoardCameraUITests.swift in Sources */ = {isa = PBXBuildFile; fileRef = 5858DAE92A737A84001B073F /* StoryBoardCameraUITests.swift */; };
		5858DAEC2A737A84001B073F /* StoryBoardCameraUITestsLaunchTests.swift in Sources */ = {isa = PBXBuildFile; fileRef = 5858DAEB2A737A84001B073F /* StoryBoardCameraUITestsLaunchTests.swift */; };
/* End PBXBuildFile section */

/* Begin PBXContainerItemProxy section */
		5858DADC2A737A84001B073F /* PBXContainerItemProxy */ = {
			isa = PBXContainerItemProxy;
			containerPortal = 5858DABD2A737A83001B073F /* Project object */;
			proxyType = 1;
			remoteGlobalIDString = 5858DAC42A737A83001B073F;
			remoteInfo = StoryBoardCamera;
		};
		5858DAE62A737A84001B073F /* PBXContainerItemProxy */ = {
			isa = PBXContainerItemProxy;
			containerPortal = 5858DABD2A737A83001B073F /* Project object */;
			proxyType = 1;
			remoteGlobalIDString = 5858DAC42A737A83001B073F;
			remoteInfo = StoryBoardCamera;
		};
/* End PBXContainerItemProxy section */

/* Begin PBXFileReference section */
		5858DAC52A737A83001B073F /* StoryBoardCamera.app */ = {isa = PBXFileReference; explicitFileType = wrapper.application; includeInIndex = 0; path = StoryBoardCamera.app; sourceTree = BUILT_PRODUCTS_DIR; };
		5858DAC82A737A83001B073F /* AppDelegate.swift */ = {isa = PBXFileReference; lastKnownFileType = sourcecode.swift; path = AppDelegate.swift; sourceTree = "<group>"; };
		5858DACA2A737A83001B073F /* SceneDelegate.swift */ = {isa = PBXFileReference; lastKnownFileType = sourcecode.swift; path = SceneDelegate.swift; sourceTree = "<group>"; };
		5858DACC2A737A83001B073F /* ViewController.swift */ = {isa = PBXFileReference; lastKnownFileType = sourcecode.swift; path = ViewController.swift; sourceTree = "<group>"; };
		5858DACF2A737A83001B073F /* Base */ = {isa = PBXFileReference; lastKnownFileType = file.storyboard; name = Base; path = Base.lproj/Main.storyboard; sourceTree = "<group>"; };
		5858DAD12A737A84001B073F /* Assets.xcassets */ = {isa = PBXFileReference; lastKnownFileType = folder.assetcatalog; path = Assets.xcassets; sourceTree = "<group>"; };
		5858DAD42A737A84001B073F /* Base */ = {isa = PBXFileReference; lastKnownFileType = file.storyboard; name = Base; path = Base.lproj/LaunchScreen.storyboard; sourceTree = "<group>"; };
		5858DAD62A737A84001B073F /* Info.plist */ = {isa = PBXFileReference; lastKnownFileType = text.plist.xml; path = Info.plist; sourceTree = "<group>"; };
		5858DADB2A737A84001B073F /* StoryBoardCameraTests.xctest */ = {isa = PBXFileReference; explicitFileType = wrapper.cfbundle; includeInIndex = 0; path = StoryBoardCameraTests.xctest; sourceTree = BUILT_PRODUCTS_DIR; };
		5858DADF2A737A84001B073F /* StoryBoardCameraTests.swift */ = {isa = PBXFileReference; lastKnownFileType = sourcecode.swift; path = StoryBoardCameraTests.swift; sourceTree = "<group>"; };
		5858DAE52A737A84001B073F /* StoryBoardCameraUITests.xctest */ = {isa = PBXFileReference; explicitFileType = wrapper.cfbundle; includeInIndex = 0; path = StoryBoardCameraUITests.xctest; sourceTree = BUILT_PRODUCTS_DIR; };
		5858DAE92A737A84001B073F /* StoryBoardCameraUITests.swift */ = {isa = PBXFileReference; lastKnownFileType = sourcecode.swift; path = StoryBoardCameraUITests.swift; sourceTree = "<group>"; };
		5858DAEB2A737A84001B073F /* StoryBoardCameraUITestsLaunchTests.swift */ = {isa = PBXFileReference; lastKnownFileType = sourcecode.swift; path = StoryBoardCameraUITestsLaunchTests.swift; sourceTree = "<group>"; };
/* End PBXFileReference section */

/* Begin PBXFrameworksBuildPhase section */
		5858DAC22A737A83001B073F /* Frameworks */ = {
			isa = PBXFrameworksBuildPhase;
			buildActionMask = 2147483647;
			files = (
			);
			runOnlyForDeploymentPostprocessing = 0;
		};
		5858DAD82A737A84001B073F /* Frameworks */ = {
			isa = PBXFrameworksBuildPhase;
			buildActionMask = 2147483647;
			files = (
			);
			runOnlyForDeploymentPostprocessing = 0;
		};
		5858DAE22A737A84001B073F /* Frameworks */ = {
			isa = PBXFrameworksBuildPhase;
			buildActionMask = 2147483647;
			files = (
			);
			runOnlyForDeploymentPostprocessing = 0;
		};
/* End PBXFrameworksBuildPhase section */

/* Begin PBXGroup section */
		5858DABC2A737A83001B073F = {
			isa = PBXGroup;
			children = (
				5858DAC72A737A83001B073F /* StoryBoardCamera */,
				5858DADE2A737A84001B073F /* StoryBoardCameraTests */,
				5858DAE82A737A84001B073F /* StoryBoardCameraUITests */,
				5858DAC62A737A83001B073F /* Products */,
			);
			sourceTree = "<group>";
		};
		5858DAC62A737A83001B073F /* Products */ = {
			isa = PBXGroup;
			children = (
				5858DAC52A737A83001B073F /* StoryBoardCamera.app */,
				5858DADB2A737A84001B073F /* StoryBoardCameraTests.xctest */,
				5858DAE52A737A84001B073F /* StoryBoardCameraUITests.xctest */,
			);
			name = Products;
			sourceTree = "<group>";
		};
		5858DAC72A737A83001B073F /* StoryBoardCamera */ = {
			isa = PBXGroup;
			children = (
				5858DAC82A737A83001B073F /* AppDelegate.swift */,
				5858DACA2A737A83001B073F /* SceneDelegate.swift */,
				5858DACC2A737A83001B073F /* ViewController.swift */,
				5858DACE2A737A83001B073F /* Main.storyboard */,
				5858DAD12A737A84001B073F /* Assets.xcassets */,
				5858DAD32A737A84001B073F /* LaunchScreen.storyboard */,
				5858DAD62A737A84001B073F /* Info.plist */,
			);
			path = StoryBoardCamera;
			sourceTree = "<group>";
		};
		5858DADE2A737A84001B073F /* StoryBoardCameraTests */ = {
			isa = PBXGroup;
			children = (
				5858DADF2A737A84001B073F /* StoryBoardCameraTests.swift */,
			);
			path = StoryBoardCameraTests;
			sourceTree = "<group>";
		};
		5858DAE82A737A84001B073F /* StoryBoardCameraUITests */ = {
			isa = PBXGroup;
			children = (
				5858DAE92A737A84001B073F /* StoryBoardCameraUITests.swift */,
				5858DAEB2A737A84001B073F /* StoryBoardCameraUITestsLaunchTests.swift */,
			);
			path = StoryBoardCameraUITests;
			sourceTree = "<group>";
		};
/* End PBXGroup section */

/* Begin PBXNativeTarget section */
		5858DAC42A737A83001B073F /* StoryBoardCamera */ = {
			isa = PBXNativeTarget;
			buildConfigurationList = 5858DAEF2A737A84001B073F /* Build configuration list for PBXNativeTarget "StoryBoardCamera" */;
			buildPhases = (
				5858DAC12A737A83001B073F /* Sources */,
				5858DAC22A737A83001B073F /* Frameworks */,
				5858DAC32A737A83001B073F /* Resources */,
			);
			buildRules = (
			);
			dependencies = (
			);
			name = StoryBoardCamera;
			productName = StoryBoardCamera;
			productReference = 5858DAC52A737A83001B073F /* StoryBoardCamera.app */;
			productType = "com.apple.product-type.application";
		};
		5858DADA2A737A84001B073F /* StoryBoardCameraTests */ = {
			isa = PBXNativeTarget;
			buildConfigurationList = 5858DAF22A737A84001B073F /* Build configuration list for PBXNativeTarget "StoryBoardCameraTests" */;
			buildPhases = (
				5858DAD72A737A84001B073F /* Sources */,
				5858DAD82A737A84001B073F /* Frameworks */,
				5858DAD92A737A84001B073F /* Resources */,
			);
			buildRules = (
			);
			dependencies = (
				5858DADD2A737A84001B073F /* PBXTargetDependency */,
			);
			name = StoryBoardCameraTests;
			productName = StoryBoardCameraTests;
			productReference = 5858DADB2A737A84001B073F /* StoryBoardCameraTests.xctest */;
			productType = "com.apple.product-type.bundle.unit-test";
		};
		5858DAE42A737A84001B073F /* StoryBoardCameraUITests */ = {
			isa = PBXNativeTarget;
			buildConfigurationList = 5858DAF52A737A84001B073F /* Build configuration list for PBXNativeTarget "StoryBoardCameraUITests" */;
			buildPhases = (
				5858DAE12A737A84001B073F /* Sources */,
				5858DAE22A737A84001B073F /* Frameworks */,
				5858DAE32A737A84001B073F /* Resources */,
			);
			buildRules = (
			);
			dependencies = (
				5858DAE72A737A84001B073F /* PBXTargetDependency */,
			);
			name = StoryBoardCameraUITests;
			productName = StoryBoardCameraUITests;
			productReference = 5858DAE52A737A84001B073F /* StoryBoardCameraUITests.xctest */;
			productType = "com.apple.product-type.bundle.ui-testing";
		};
/* End PBXNativeTarget section */

/* Begin PBXProject section */
		5858DABD2A737A83001B073F /* Project object */ = {
			isa = PBXProject;
			attributes = {
				BuildIndependentTargetsInParallel = 1;
				LastSwiftUpdateCheck = 1430;
				LastUpgradeCheck = 1430;
				TargetAttributes = {
					5858DAC42A737A83001B073F = {
						CreatedOnToolsVersion = 14.3.1;
					};
					5858DADA2A737A84001B073F = {
						CreatedOnToolsVersion = 14.3.1;
						TestTargetID = 5858DAC42A737A83001B073F;
					};
					5858DAE42A737A84001B073F = {
						CreatedOnToolsVersion = 14.3.1;
						TestTargetID = 5858DAC42A737A83001B073F;
					};
				};
			};
			buildConfigurationList = 5858DAC02A737A83001B073F /* Build configuration list for PBXProject "StoryBoardCamera" */;
			compatibilityVersion = "Xcode 14.0";
			developmentRegion = en;
			hasScannedForEncodings = 0;
			knownRegions = (
				en,
				Base,
			);
			mainGroup = 5858DABC2A737A83001B073F;
			productRefGroup = 5858DAC62A737A83001B073F /* Products */;
			projectDirPath = "";
			projectRoot = "";
			targets = (
				5858DAC42A737A83001B073F /* StoryBoardCamera */,
				5858DADA2A737A84001B073F /* StoryBoardCameraTests */,
				5858DAE42A737A84001B073F /* StoryBoardCameraUITests */,
			);
		};
/* End PBXProject section */

/* Begin PBXResourcesBuildPhase section */
		5858DAC32A737A83001B073F /* Resources */ = {
			isa = PBXResourcesBuildPhase;
			buildActionMask = 2147483647;
			files = (
				5858DAD52A737A84001B073F /* LaunchScreen.storyboard in Resources */,
				5858DAD22A737A84001B073F /* Assets.xcassets in Resources */,
				5858DAD02A737A83001B073F /* Main.storyboard in Resources */,
			);
			runOnlyForDeploymentPostprocessing = 0;
		};
		5858DAD92A737A84001B073F /* Resources */ = {
			isa = PBXResourcesBuildPhase;
			buildActionMask = 2147483647;
			files = (
			);
			runOnlyForDeploymentPostprocessing = 0;
		};
		5858DAE32A737A84001B073F /* Resources */ = {
			isa = PBXResourcesBuildPhase;
			buildActionMask = 2147483647;
			files = (
			);
			runOnlyForDeploymentPostprocessing = 0;
		};
/* End PBXResourcesBuildPhase section */

/* Begin PBXSourcesBuildPhase section */
		5858DAC12A737A83001B073F /* Sources */ = {
			isa = PBXSourcesBuildPhase;
			buildActionMask = 2147483647;
			files = (
				5858DACD2A737A83001B073F /* ViewController.swift in Sources */,
				5858DAC92A737A83001B073F /* AppDelegate.swift in Sources */,
				5858DACB2A737A83001B073F /* SceneDelegate.swift in Sources */,
			);
			runOnlyForDeploymentPostprocessing = 0;
		};
		5858DAD72A737A84001B073F /* Sources */ = {
			isa = PBXSourcesBuildPhase;
			buildActionMask = 2147483647;
			files = (
				5858DAE02A737A84001B073F /* StoryBoardCameraTests.swift in Sources */,
			);
			runOnlyForDeploymentPostprocessing = 0;
		};
		5858DAE12A737A84001B073F /* Sources */ = {
			isa = PBXSourcesBuildPhase;
			buildActionMask = 2147483647;
			files = (
				5858DAEC2A737A84001B073F /* StoryBoardCameraUITestsLaunchTests.swift in Sources */,
				5858DAEA2A737A84001B073F /* StoryBoardCameraUITests.swift in Sources */,
			);
			runOnlyForDeploymentPostprocessing = 0;
		};
/* End PBXSourcesBuildPhase section */

/* Begin PBXTargetDependency section */
		5858DADD2A737A84001B073F /* PBXTargetDependency */ = {
			isa = PBXTargetDependency;
			target = 5858DAC42A737A83001B073F /* StoryBoardCamera */;
			targetProxy = 5858DADC2A737A84001B073F /* PBXContainerItemProxy */;
		};
		5858DAE72A737A84001B073F /* PBXTargetDependency */ = {
			isa = PBXTargetDependency;
			target = 5858DAC42A737A83001B073F /* StoryBoardCamera */;
			targetProxy = 5858DAE62A737A84001B073F /* PBXContainerItemProxy */;
		};
/* End PBXTargetDependency section */

/* Begin PBXVariantGroup section */
		5858DACE2A737A83001B073F /* Main.storyboard */ = {
			isa = PBXVariantGroup;
			children = (
				5858DACF2A737A83001B073F /* Base */,
			);
			name = Main.storyboard;
			sourceTree = "<group>";
		};
		5858DAD32A737A84001B073F /* LaunchScreen.storyboard */ = {
			isa = PBXVariantGroup;
			children = (
				5858DAD42A737A84001B073F /* Base */,
			);
			name = LaunchScreen.storyboard;
			sourceTree = "<group>";
		};
/* End PBXVariantGroup section */

/* Begin XCBuildConfiguration section */
		5858DAED2A737A84001B073F /* Debug */ = {
			isa = XCBuildConfiguration;
			buildSettings = {
				ALWAYS_SEARCH_USER_PATHS = NO;
				CLANG_ANALYZER_NONNULL = YES;
				CLANG_ANALYZER_NUMBER_OBJECT_CONVERSION = YES_AGGRESSIVE;
				CLANG_CXX_LANGUAGE_STANDARD = "gnu++20";
				CLANG_ENABLE_MODULES = YES;
				CLANG_ENABLE_OBJC_ARC = YES;
				CLANG_ENABLE_OBJC_WEAK = YES;
				CLANG_WARN_BLOCK_CAPTURE_AUTORELEASING = YES;
				CLANG_WARN_BOOL_CONVERSION = YES;
				CLANG_WARN_COMMA = YES;
				CLANG_WARN_CONSTANT_CONVERSION = YES;
				CLANG_WARN_DEPRECATED_OBJC_IMPLEMENTATIONS = YES;
				CLANG_WARN_DIRECT_OBJC_ISA_USAGE = YES_ERROR;
				CLANG_WARN_DOCUMENTATION_COMMENTS = YES;
				CLANG_WARN_EMPTY_BODY = YES;
				CLANG_WARN_ENUM_CONVERSION = YES;
				CLANG_WARN_INFINITE_RECURSION = YES;
				CLANG_WARN_INT_CONVERSION = YES;
				CLANG_WARN_NON_LITERAL_NULL_CONVERSION = YES;
				CLANG_WARN_OBJC_IMPLICIT_RETAIN_SELF = YES;
				CLANG_WARN_OBJC_LITERAL_CONVERSION = YES;
				CLANG_WARN_OBJC_ROOT_CLASS = YES_ERROR;
				CLANG_WARN_QUOTED_INCLUDE_IN_FRAMEWORK_HEADER = YES;
				CLANG_WARN_RANGE_LOOP_ANALYSIS = YES;
				CLANG_WARN_STRICT_PROTOTYPES = YES;
				CLANG_WARN_SUSPICIOUS_MOVE = YES;
				CLANG_WARN_UNGUARDED_AVAILABILITY = YES_AGGRESSIVE;
				CLANG_WARN_UNREACHABLE_CODE = YES;
				CLANG_WARN__DUPLICATE_METHOD_MATCH = YES;
				COPY_PHASE_STRIP = NO;
				DEBUG_INFORMATION_FORMAT = dwarf;
				ENABLE_STRICT_OBJC_MSGSEND = YES;
				ENABLE_TESTABILITY = YES;
				GCC_C_LANGUAGE_STANDARD = gnu11;
				GCC_DYNAMIC_NO_PIC = NO;
				GCC_NO_COMMON_BLOCKS = YES;
				GCC_OPTIMIZATION_LEVEL = 0;
				GCC_PREPROCESSOR_DEFINITIONS = (
					"DEBUG=1",
					"$(inherited)",
				);
				GCC_WARN_64_TO_32_BIT_CONVERSION = YES;
				GCC_WARN_ABOUT_RETURN_TYPE = YES_ERROR;
				GCC_WARN_UNDECLARED_SELECTOR = YES;
				GCC_WARN_UNINITIALIZED_AUTOS = YES_AGGRESSIVE;
				GCC_WARN_UNUSED_FUNCTION = YES;
				GCC_WARN_UNUSED_VARIABLE = YES;
				IPHONEOS_DEPLOYMENT_TARGET = 16.4;
				MTL_ENABLE_DEBUG_INFO = INCLUDE_SOURCE;
				MTL_FAST_MATH = YES;
				ONLY_ACTIVE_ARCH = YES;
				SDKROOT = iphoneos;
				SWIFT_ACTIVE_COMPILATION_CONDITIONS = DEBUG;
				SWIFT_OPTIMIZATION_LEVEL = "-Onone";
			};
			name = Debug;
		};
		5858DAEE2A737A84001B073F /* Release */ = {
			isa = XCBuildConfiguration;
			buildSettings = {
				ALWAYS_SEARCH_USER_PATHS = NO;
				CLANG_ANALYZER_NONNULL = YES;
				CLANG_ANALYZER_NUMBER_OBJECT_CONVERSION = YES_AGGRESSIVE;
				CLANG_CXX_LANGUAGE_STANDARD = "gnu++20";
				CLANG_ENABLE_MODULES = YES;
				CLANG_ENABLE_OBJC_ARC = YES;
				CLANG_ENABLE_OBJC_WEAK = YES;
				CLANG_WARN_BLOCK_CAPTURE_AUTORELEASING = YES;
				CLANG_WARN_BOOL_CONVERSION = YES;
				CLANG_WARN_COMMA = YES;
				CLANG_WARN_CONSTANT_CONVERSION = YES;
				CLANG_WARN_DEPRECATED_OBJC_IMPLEMENTATIONS = YES;
				CLANG_WARN_DIRECT_OBJC_ISA_USAGE = YES_ERROR;
				CLANG_WARN_DOCUMENTATION_COMMENTS = YES;
				CLANG_WARN_EMPTY_BODY = YES;
				CLANG_WARN_ENUM_CONVERSION = YES;
				CLANG_WARN_INFINITE_RECURSION = YES;
				CLANG_WARN_INT_CONVERSION = YES;
				CLANG_WARN_NON_LITERAL_NULL_CONVERSION = YES;
				CLANG_WARN_OBJC_IMPLICIT_RETAIN_SELF = YES;
				CLANG_WARN_OBJC_LITERAL_CONVERSION = YES;
				CLANG_WARN_OBJC_ROOT_CLASS = YES_ERROR;
				CLANG_WARN_QUOTED_INCLUDE_IN_FRAMEWORK_HEADER = YES;
				CLANG_WARN_RANGE_LOOP_ANALYSIS = YES;
				CLANG_WARN_STRICT_PROTOTYPES = YES;
				CLANG_WARN_SUSPICIOUS_MOVE = YES;
				CLANG_WARN_UNGUARDED_AVAILABILITY = YES_AGGRESSIVE;
				CLANG_WARN_UNREACHABLE_CODE = YES;
				CLANG_WARN__DUPLICATE_METHOD_MATCH = YES;
				COPY_PHASE_STRIP = NO;
				DEBUG_INFORMATION_FORMAT = "dwarf-with-dsym";
				ENABLE_NS_ASSERTIONS = NO;
				ENABLE_STRICT_OBJC_MSGSEND = YES;
				GCC_C_LANGUAGE_STANDARD = gnu11;
				GCC_NO_COMMON_BLOCKS = YES;
				GCC_WARN_64_TO_32_BIT_CONVERSION = YES;
				GCC_WARN_ABOUT_RETURN_TYPE = YES_ERROR;
				GCC_WARN_UNDECLARED_SELECTOR = YES;
				GCC_WARN_UNINITIALIZED_AUTOS = YES_AGGRESSIVE;
				GCC_WARN_UNUSED_FUNCTION = YES;
				GCC_WARN_UNUSED_VARIABLE = YES;
				IPHONEOS_DEPLOYMENT_TARGET = 16.4;
				MTL_ENABLE_DEBUG_INFO = NO;
				MTL_FAST_MATH = YES;
				SDKROOT = iphoneos;
				SWIFT_COMPILATION_MODE = wholemodule;
				SWIFT_OPTIMIZATION_LEVEL = "-O";
				VALIDATE_PRODUCT = YES;
			};
			name = Release;
		};
		5858DAF02A737A84001B073F /* Debug */ = {
			isa = XCBuildConfiguration;
			buildSettings = {
				ASSETCATALOG_COMPILER_APPICON_NAME = AppIcon;
				ASSETCATALOG_COMPILER_GLOBAL_ACCENT_COLOR_NAME = AccentColor;
				CODE_SIGN_STYLE = Automatic;
				CURRENT_PROJECT_VERSION = 1;
				DEVELOPMENT_TEAM = VJW885QR8Q;
				GENERATE_INFOPLIST_FILE = YES;
				INFOPLIST_FILE = StoryBoardCamera/Info.plist;
				INFOPLIST_KEY_UIApplicationSupportsIndirectInputEvents = YES;
				INFOPLIST_KEY_UILaunchStoryboardName = LaunchScreen;
				INFOPLIST_KEY_UIMainStoryboardFile = Main;
				INFOPLIST_KEY_UISupportedInterfaceOrientations_iPad = "UIInterfaceOrientationPortrait UIInterfaceOrientationPortraitUpsideDown UIInterfaceOrientationLandscapeLeft UIInterfaceOrientationLandscapeRight";
				INFOPLIST_KEY_UISupportedInterfaceOrientations_iPhone = "UIInterfaceOrientationPortrait UIInterfaceOrientationLandscapeLeft UIInterfaceOrientationLandscapeRight";
				IPHONEOS_DEPLOYMENT_TARGET = 16.3;
				LD_RUNPATH_SEARCH_PATHS = (
					"$(inherited)",
					"@executable_path/Frameworks",
				);
				MARKETING_VERSION = 1.0;
				PRODUCT_BUNDLE_IDENTIFIER = com.kazuki.StoryBoardCamera;
				PRODUCT_NAME = "$(TARGET_NAME)";
				SWIFT_EMIT_LOC_STRINGS = YES;
				SWIFT_VERSION = 5.0;
				TARGETED_DEVICE_FAMILY = "1,2";
			};
			name = Debug;
		};
		5858DAF12A737A84001B073F /* Release */ = {
			isa = XCBuildConfiguration;
			buildSettings = {
				ASSETCATALOG_COMPILER_APPICON_NAME = AppIcon;
				ASSETCATALOG_COMPILER_GLOBAL_ACCENT_COLOR_NAME = AccentColor;
				CODE_SIGN_STYLE = Automatic;
				CURRENT_PROJECT_VERSION = 1;
				DEVELOPMENT_TEAM = VJW885QR8Q;
				GENERATE_INFOPLIST_FILE = YES;
				INFOPLIST_FILE = StoryBoardCamera/Info.plist;
				INFOPLIST_KEY_UIApplicationSupportsIndirectInputEvents = YES;
				INFOPLIST_KEY_UILaunchStoryboardName = LaunchScreen;
				INFOPLIST_KEY_UIMainStoryboardFile = Main;
				INFOPLIST_KEY_UISupportedInterfaceOrientations_iPad = "UIInterfaceOrientationPortrait UIInterfaceOrientationPortraitUpsideDown UIInterfaceOrientationLandscapeLeft UIInterfaceOrientationLandscapeRight";
				INFOPLIST_KEY_UISupportedInterfaceOrientations_iPhone = "UIInterfaceOrientationPortrait UIInterfaceOrientationLandscapeLeft UIInterfaceOrientationLandscapeRight";
				IPHONEOS_DEPLOYMENT_TARGET = 16.3;
				LD_RUNPATH_SEARCH_PATHS = (
					"$(inherited)",
					"@executable_path/Frameworks",
				);
				MARKETING_VERSION = 1.0;
				PRODUCT_BUNDLE_IDENTIFIER = com.kazuki.StoryBoardCamera;
				PRODUCT_NAME = "$(TARGET_NAME)";
				SWIFT_EMIT_LOC_STRINGS = YES;
				SWIFT_VERSION = 5.0;
				TARGETED_DEVICE_FAMILY = "1,2";
			};
			name = Release;
		};
		5858DAF32A737A84001B073F /* Debug */ = {
			isa = XCBuildConfiguration;
			buildSettings = {
				ALWAYS_EMBED_SWIFT_STANDARD_LIBRARIES = YES;
				BUNDLE_LOADER = "$(TEST_HOST)";
				CODE_SIGN_STYLE = Automatic;
				CURRENT_PROJECT_VERSION = 1;
				DEVELOPMENT_TEAM = VJW885QR8Q;
				GENERATE_INFOPLIST_FILE = YES;
				IPHONEOS_DEPLOYMENT_TARGET = 16.4;
				MARKETING_VERSION = 1.0;
				PRODUCT_BUNDLE_IDENTIFIER = com.kazuki.StoryBoardCameraTests;
				PRODUCT_NAME = "$(TARGET_NAME)";
				SWIFT_EMIT_LOC_STRINGS = NO;
				SWIFT_VERSION = 5.0;
				TARGETED_DEVICE_FAMILY = "1,2";
				TEST_HOST = "$(BUILT_PRODUCTS_DIR)/StoryBoardCamera.app/$(BUNDLE_EXECUTABLE_FOLDER_PATH)/StoryBoardCamera";
			};
			name = Debug;
		};
		5858DAF42A737A84001B073F /* Release */ = {
			isa = XCBuildConfiguration;
			buildSettings = {
				ALWAYS_EMBED_SWIFT_STANDARD_LIBRARIES = YES;
				BUNDLE_LOADER = "$(TEST_HOST)";
				CODE_SIGN_STYLE = Automatic;
				CURRENT_PROJECT_VERSION = 1;
				DEVELOPMENT_TEAM = VJW885QR8Q;
				GENERATE_INFOPLIST_FILE = YES;
				IPHONEOS_DEPLOYMENT_TARGET = 16.4;
				MARKETING_VERSION = 1.0;
				PRODUCT_BUNDLE_IDENTIFIER = com.kazuki.StoryBoardCameraTests;
				PRODUCT_NAME = "$(TARGET_NAME)";
				SWIFT_EMIT_LOC_STRINGS = NO;
				SWIFT_VERSION = 5.0;
				TARGETED_DEVICE_FAMILY = "1,2";
				TEST_HOST = "$(BUILT_PRODUCTS_DIR)/StoryBoardCamera.app/$(BUNDLE_EXECUTABLE_FOLDER_PATH)/StoryBoardCamera";
			};
			name = Release;
		};
		5858DAF62A737A84001B073F /* Debug */ = {
			isa = XCBuildConfiguration;
			buildSettings = {
				ALWAYS_EMBED_SWIFT_STANDARD_LIBRARIES = YES;
				CODE_SIGN_STYLE = Automatic;
				CURRENT_PROJECT_VERSION = 1;
				DEVELOPMENT_TEAM = VJW885QR8Q;
				GENERATE_INFOPLIST_FILE = YES;
				MARKETING_VERSION = 1.0;
				PRODUCT_BUNDLE_IDENTIFIER = com.kazuki.StoryBoardCameraUITests;
				PRODUCT_NAME = "$(TARGET_NAME)";
				SWIFT_EMIT_LOC_STRINGS = NO;
				SWIFT_VERSION = 5.0;
				TARGETED_DEVICE_FAMILY = "1,2";
				TEST_TARGET_NAME = StoryBoardCamera;
			};
			name = Debug;
		};
		5858DAF72A737A84001B073F /* Release */ = {
			isa = XCBuildConfiguration;
			buildSettings = {
				ALWAYS_EMBED_SWIFT_STANDARD_LIBRARIES = YES;
				CODE_SIGN_STYLE = Automatic;
				CURRENT_PROJECT_VERSION = 1;
				DEVELOPMENT_TEAM = VJW885QR8Q;
				GENERATE_INFOPLIST_FILE = YES;
				MARKETING_VERSION = 1.0;
				PRODUCT_BUNDLE_IDENTIFIER = com.kazuki.StoryBoardCameraUITests;
				PRODUCT_NAME = "$(TARGET_NAME)";
				SWIFT_EMIT_LOC_STRINGS = NO;
				SWIFT_VERSION = 5.0;
				TARGETED_DEVICE_FAMILY = "1,2";
				TEST_TARGET_NAME = StoryBoardCamera;
			};
			name = Release;
		};
/* End XCBuildConfiguration section */

/* Begin XCConfigurationList section */
		5858DAC02A737A83001B073F /* Build configuration list for PBXProject "StoryBoardCamera" */ = {
			isa = XCConfigurationList;
			buildConfigurations = (
				5858DAED2A737A84001B073F /* Debug */,
				5858DAEE2A737A84001B073F /* Release */,
			);
			defaultConfigurationIsVisible = 0;
			defaultConfigurationName = Release;
		};
		5858DAEF2A737A84001B073F /* Build configuration list for PBXNativeTarget "StoryBoardCamera" */ = {
			isa = XCConfigurationList;
			buildConfigurations = (
				5858DAF02A737A84001B073F /* Debug */,
				5858DAF12A737A84001B073F /* Release */,
			);
			defaultConfigurationIsVisible = 0;
			defaultConfigurationName = Release;
		};
		5858DAF22A737A84001B073F /* Build configuration list for PBXNativeTarget "StoryBoardCameraTests" */ = {
			isa = XCConfigurationList;
			buildConfigurations = (
				5858DAF32A737A84001B073F /* Debug */,
				5858DAF42A737A84001B073F /* Release */,
			);
			defaultConfigurationIsVisible = 0;
			defaultConfigurationName = Release;
		};
		5858DAF52A737A84001B073F /* Build configuration list for PBXNativeTarget "StoryBoardCameraUITests" */ = {
			isa = XCConfigurationList;
			buildConfigurations = (
				5858DAF62A737A84001B073F /* Debug */,
				5858DAF72A737A84001B073F /* Release */,
			);
			defaultConfigurationIsVisible = 0;
			defaultConfigurationName = Release;
		};
/* End XCConfigurationList section */
	};
	rootObject = 5858DABD2A737A83001B073F /* Project object */;
}
